<?xml version="1.0" encoding="utf-8"?>
<Project ToolsVersion="4.0" xmlns="http://schemas.microsoft.com/developer/msbuild/2003">
  <ItemGroup>
    <Filter Include="Person">
      <UniqueIdentifier>{1f2e8625-b32c-494e-8fa9-9712ff2a7a43}</UniqueIdentifier>
    </Filter>
  </ItemGroup>
  <ItemGroup>
    <ClCompile Include="person.cpp">
      <Filter>Person</Filter>
    </ClCompile>
  </ItemGroup>
  <ItemGroup>
    <ClInclude Include="person.h">
      <Filter>Person</Filter>
    </ClInclude>
  </ItemGroup>
</Project>